
Microsoft Visual Studio Solution File, Format Version 12.00
# Visual Studio Version 17
VisualStudioVersion = 17.13.35818.85 d17.13
MinimumVisualStudioVersion = 10.0.40219.1
Project("{FAE04EC0-301F-11D3-BF4B-00C04F79EFBC}") = "Unity Bank", "Unity Bank\Unity Bank.csproj", "{4E52FE29-3ED2-48C1-918C-70317D0FAD05}"
EndProject
Global
	GlobalSection(SolutionConfigurationPlatforms) = preSolution
		Debug|Any CPU = Debug|Any CPU
		Release|Any CPU = Release|Any CPU
	EndGlobalSection
	GlobalSection(ProjectConfigurationPlatforms) = postSolution
		{4E52FE29-3ED2-48C1-918C-70317D0FAD05}.Debug|Any CPU.ActiveCfg = Debug|Any CPU
		{4E52FE29-3ED2-48C1-918C-70317D0FAD05}.Debug|Any CPU.Build.0 = Debug|Any CPU
		{4E52FE29-3ED2-48C1-918C-70317D0FAD05}.Release|Any CPU.ActiveCfg = Release|Any CPU
		{4E52FE29-3ED2-48C1-918C-70317D0FAD05}.Release|Any CPU.Build.0 = Release|Any CPU
	EndGlobalSection
	GlobalSection(SolutionProperties) = preSolution
		HideSolutionNode = FALSE
	EndGlobalSection
	GlobalSection(ExtensibilityGlobals) = postSolution
		SolutionGuid = {8D561BFE-674E-476B-8B06-D573BD21F638}
	EndGlobalSection
EndGlobal
